// !$*UTF8*$!
{
	archiveVersion = 1;
	classes = {
	};
	objectVersion = 46;
	objects = {

/* Begin PBXBuildFile section */
		859697461D723FC90048FE5F /* AppDelegate.swift in Sources */ = {isa = PBXBuildFile; fileRef = 859697451D723FC90048FE5F /* AppDelegate.swift */; };
		859697481D723FC90048FE5F /* QuizViewController.swift in Sources */ = {isa = PBXBuildFile; fileRef = 859697471D723FC90048FE5F /* QuizViewController.swift */; };
		8596974B1D723FC90048FE5F /* Main.storyboard in Resources */ = {isa = PBXBuildFile; fileRef = 859697491D723FC90048FE5F /* Main.storyboard */; };
		8596974E1D723FC90048FE5F /* Quiz_App.xcdatamodeld in Sources */ = {isa = PBXBuildFile; fileRef = 8596974C1D723FC90048FE5F /* Quiz_App.xcdatamodeld */; };
		859697501D723FC90048FE5F /* Assets.xcassets in Resources */ = {isa = PBXBuildFile; fileRef = 8596974F1D723FC90048FE5F /* Assets.xcassets */; };
		859697531D723FC90048FE5F /* LaunchScreen.storyboard in Resources */ = {isa = PBXBuildFile; fileRef = 859697511D723FC90048FE5F /* LaunchScreen.storyboard */; };
		8596975E1D723FC90048FE5F /* Quiz_AppTests.swift in Sources */ = {isa = PBXBuildFile; fileRef = 8596975D1D723FC90048FE5F /* Quiz_AppTests.swift */; };
		859697691D723FC90048FE5F /* Quiz_AppUITests.swift in Sources */ = {isa = PBXBuildFile; fileRef = 859697681D723FC90048FE5F /* Quiz_AppUITests.swift */; };
		859697791D7320DB0048FE5F /* QuizTableViewController.swift in Sources */ = {isa = PBXBuildFile; fileRef = 859697781D7320DB0048FE5F /* QuizTableViewController.swift */; };
		8596977B1D7323C70048FE5F /* QuizTableViewCell.swift in Sources */ = {isa = PBXBuildFile; fileRef = 8596977A1D7323C70048FE5F /* QuizTableViewCell.swift */; };
		8596977D1D73240A0048FE5F /* Quiz.swift in Sources */ = {isa = PBXBuildFile; fileRef = 8596977C1D73240A0048FE5F /* Quiz.swift */; };
		8596977F1D7589AC0048FE5F /* QuestionTableViewCell.swift in Sources */ = {isa = PBXBuildFile; fileRef = 8596977E1D7589AC0048FE5F /* QuestionTableViewCell.swift */; };
		859697811D758A320048FE5F /* QuestionsTableViewController.swift in Sources */ = {isa = PBXBuildFile; fileRef = 859697801D758A320048FE5F /* QuestionsTableViewController.swift */; };
		859697871D758FD10048FE5F /* QuestionViewController.swift in Sources */ = {isa = PBXBuildFile; fileRef = 859697861D758FD10048FE5F /* QuestionViewController.swift */; };
		859697891D75911B0048FE5F /* Question.swift in Sources */ = {isa = PBXBuildFile; fileRef = 859697881D75911B0048FE5F /* Question.swift */; };
/* End PBXBuildFile section */

/* Begin PBXContainerItemProxy section */
		8596975A1D723FC90048FE5F /* PBXContainerItemProxy */ = {
			isa = PBXContainerItemProxy;
			containerPortal = 8596973A1D723FC80048FE5F /* Project object */;
			proxyType = 1;
			remoteGlobalIDString = 859697411D723FC80048FE5F;
			remoteInfo = "Quiz App";
		};
		859697651D723FC90048FE5F /* PBXContainerItemProxy */ = {
			isa = PBXContainerItemProxy;
			containerPortal = 8596973A1D723FC80048FE5F /* Project object */;
			proxyType = 1;
			remoteGlobalIDString = 859697411D723FC80048FE5F;
			remoteInfo = "Quiz App";
		};
/* End PBXContainerItemProxy section */

/* Begin PBXFileReference section */
		859697421D723FC80048FE5F /* Quiz App.app */ = {isa = PBXFileReference; explicitFileType = wrapper.application; includeInIndex = 0; path = "Quiz App.app"; sourceTree = BUILT_PRODUCTS_DIR; };
		859697451D723FC90048FE5F /* AppDelegate.swift */ = {isa = PBXFileReference; lastKnownFileType = sourcecode.swift; path = AppDelegate.swift; sourceTree = "<group>"; };
		859697471D723FC90048FE5F /* QuizViewController.swift */ = {isa = PBXFileReference; lastKnownFileType = sourcecode.swift; path = QuizViewController.swift; sourceTree = "<group>"; };
		8596974A1D723FC90048FE5F /* Base */ = {isa = PBXFileReference; lastKnownFileType = file.storyboard; name = Base; path = Base.lproj/Main.storyboard; sourceTree = "<group>"; };
		8596974D1D723FC90048FE5F /* Quiz_App.xcdatamodel */ = {isa = PBXFileReference; lastKnownFileType = wrapper.xcdatamodel; path = Quiz_App.xcdatamodel; sourceTree = "<group>"; };
		8596974F1D723FC90048FE5F /* Assets.xcassets */ = {isa = PBXFileReference; lastKnownFileType = folder.assetcatalog; path = Assets.xcassets; sourceTree = "<group>"; };
		859697521D723FC90048FE5F /* Base */ = {isa = PBXFileReference; lastKnownFileType = file.storyboard; name = Base; path = Base.lproj/LaunchScreen.storyboard; sourceTree = "<group>"; };
		859697541D723FC90048FE5F /* Info.plist */ = {isa = PBXFileReference; lastKnownFileType = text.plist.xml; path = Info.plist; sourceTree = "<group>"; };
		859697591D723FC90048FE5F /* Quiz AppTests.xctest */ = {isa = PBXFileReference; explicitFileType = wrapper.cfbundle; includeInIndex = 0; path = "Quiz AppTests.xctest"; sourceTree = BUILT_PRODUCTS_DIR; };
		8596975D1D723FC90048FE5F /* Quiz_AppTests.swift */ = {isa = PBXFileReference; lastKnownFileType = sourcecode.swift; path = Quiz_AppTests.swift; sourceTree = "<group>"; };
		8596975F1D723FC90048FE5F /* Info.plist */ = {isa = PBXFileReference; lastKnownFileType = text.plist.xml; path = Info.plist; sourceTree = "<group>"; };
		859697641D723FC90048FE5F /* Quiz AppUITests.xctest */ = {isa = PBXFileReference; explicitFileType = wrapper.cfbundle; includeInIndex = 0; path = "Quiz AppUITests.xctest"; sourceTree = BUILT_PRODUCTS_DIR; };
		859697681D723FC90048FE5F /* Quiz_AppUITests.swift */ = {isa = PBXFileReference; lastKnownFileType = sourcecode.swift; path = Quiz_AppUITests.swift; sourceTree = "<group>"; };
		8596976A1D723FC90048FE5F /* Info.plist */ = {isa = PBXFileReference; lastKnownFileType = text.plist.xml; path = Info.plist; sourceTree = "<group>"; };
		859697781D7320DB0048FE5F /* QuizTableViewController.swift */ = {isa = PBXFileReference; fileEncoding = 4; lastKnownFileType = sourcecode.swift; path = QuizTableViewController.swift; sourceTree = "<group>"; };
		8596977A1D7323C70048FE5F /* QuizTableViewCell.swift */ = {isa = PBXFileReference; fileEncoding = 4; lastKnownFileType = sourcecode.swift; path = QuizTableViewCell.swift; sourceTree = "<group>"; };
		8596977C1D73240A0048FE5F /* Quiz.swift */ = {isa = PBXFileReference; fileEncoding = 4; lastKnownFileType = sourcecode.swift; path = Quiz.swift; sourceTree = "<group>"; };
		8596977E1D7589AC0048FE5F /* QuestionTableViewCell.swift */ = {isa = PBXFileReference; fileEncoding = 4; lastKnownFileType = sourcecode.swift; path = QuestionTableViewCell.swift; sourceTree = "<group>"; };
		859697801D758A320048FE5F /* QuestionsTableViewController.swift */ = {isa = PBXFileReference; fileEncoding = 4; lastKnownFileType = sourcecode.swift; path = QuestionsTableViewController.swift; sourceTree = "<group>"; };
		859697861D758FD10048FE5F /* QuestionViewController.swift */ = {isa = PBXFileReference; fileEncoding = 4; lastKnownFileType = sourcecode.swift; path = QuestionViewController.swift; sourceTree = "<group>"; };
		859697881D75911B0048FE5F /* Question.swift */ = {isa = PBXFileReference; fileEncoding = 4; lastKnownFileType = sourcecode.swift; path = Question.swift; sourceTree = "<group>"; };
/* End PBXFileReference section */

/* Begin PBXFrameworksBuildPhase section */
		8596973F1D723FC80048FE5F /* Frameworks */ = {
			isa = PBXFrameworksBuildPhase;
			buildActionMask = 2147483647;
			files = (
			);
			runOnlyForDeploymentPostprocessing = 0;
		};
		859697561D723FC90048FE5F /* Frameworks */ = {
			isa = PBXFrameworksBuildPhase;
			buildActionMask = 2147483647;
			files = (
			);
			runOnlyForDeploymentPostprocessing = 0;
		};
		859697611D723FC90048FE5F /* Frameworks */ = {
			isa = PBXFrameworksBuildPhase;
			buildActionMask = 2147483647;
			files = (
			);
			runOnlyForDeploymentPostprocessing = 0;
		};
/* End PBXFrameworksBuildPhase section */

/* Begin PBXGroup section */
		859697391D723FC80048FE5F = {
			isa = PBXGroup;
			children = (
				859697441D723FC90048FE5F /* Quiz App */,
				8596975C1D723FC90048FE5F /* Quiz AppTests */,
				859697671D723FC90048FE5F /* Quiz AppUITests */,
				859697431D723FC80048FE5F /* Products */,
			);
			sourceTree = "<group>";
		};
		859697431D723FC80048FE5F /* Products */ = {
			isa = PBXGroup;
			children = (
				859697421D723FC80048FE5F /* Quiz App.app */,
				859697591D723FC90048FE5F /* Quiz AppTests.xctest */,
				859697641D723FC90048FE5F /* Quiz AppUITests.xctest */,
			);
			name = Products;
			sourceTree = "<group>";
		};
		859697441D723FC90048FE5F /* Quiz App */ = {
			isa = PBXGroup;
			children = (
				859697451D723FC90048FE5F /* AppDelegate.swift */,
				859697881D75911B0048FE5F /* Question.swift */,
				8596977C1D73240A0048FE5F /* Quiz.swift */,
				859697471D723FC90048FE5F /* QuizViewController.swift */,
				859697861D758FD10048FE5F /* QuestionViewController.swift */,
				8596977A1D7323C70048FE5F /* QuizTableViewCell.swift */,
				8596977E1D7589AC0048FE5F /* QuestionTableViewCell.swift */,
				859697801D758A320048FE5F /* QuestionsTableViewController.swift */,
				859697781D7320DB0048FE5F /* QuizTableViewController.swift */,
				859697491D723FC90048FE5F /* Main.storyboard */,
				8596974F1D723FC90048FE5F /* Assets.xcassets */,
				859697511D723FC90048FE5F /* LaunchScreen.storyboard */,
				859697541D723FC90048FE5F /* Info.plist */,
				8596974C1D723FC90048FE5F /* Quiz_App.xcdatamodeld */,
			);
			path = "Quiz App";
			sourceTree = "<group>";
		};
		8596975C1D723FC90048FE5F /* Quiz AppTests */ = {
			isa = PBXGroup;
			children = (
				8596975D1D723FC90048FE5F /* Quiz_AppTests.swift */,
				8596975F1D723FC90048FE5F /* Info.plist */,
			);
			path = "Quiz AppTests";
			sourceTree = "<group>";
		};
		859697671D723FC90048FE5F /* Quiz AppUITests */ = {
			isa = PBXGroup;
			children = (
				859697681D723FC90048FE5F /* Quiz_AppUITests.swift */,
				8596976A1D723FC90048FE5F /* Info.plist */,
			);
			path = "Quiz AppUITests";
			sourceTree = "<group>";
		};
/* End PBXGroup section */

/* Begin PBXNativeTarget section */
		859697411D723FC80048FE5F /* Quiz App */ = {
			isa = PBXNativeTarget;
			buildConfigurationList = 8596976D1D723FC90048FE5F /* Build configuration list for PBXNativeTarget "Quiz App" */;
			buildPhases = (
				8596973E1D723FC80048FE5F /* Sources */,
				8596973F1D723FC80048FE5F /* Frameworks */,
				859697401D723FC80048FE5F /* Resources */,
			);
			buildRules = (
			);
			dependencies = (
			);
			name = "Quiz App";
			productName = "Quiz App";
			productReference = 859697421D723FC80048FE5F /* Quiz App.app */;
			productType = "com.apple.product-type.application";
		};
		859697581D723FC90048FE5F /* Quiz AppTests */ = {
			isa = PBXNativeTarget;
			buildConfigurationList = 859697701D723FC90048FE5F /* Build configuration list for PBXNativeTarget "Quiz AppTests" */;
			buildPhases = (
				859697551D723FC90048FE5F /* Sources */,
				859697561D723FC90048FE5F /* Frameworks */,
				859697571D723FC90048FE5F /* Resources */,
			);
			buildRules = (
			);
			dependencies = (
				8596975B1D723FC90048FE5F /* PBXTargetDependency */,
			);
			name = "Quiz AppTests";
			productName = "Quiz AppTests";
			productReference = 859697591D723FC90048FE5F /* Quiz AppTests.xctest */;
			productType = "com.apple.product-type.bundle.unit-test";
		};
		859697631D723FC90048FE5F /* Quiz AppUITests */ = {
			isa = PBXNativeTarget;
			buildConfigurationList = 859697731D723FC90048FE5F /* Build configuration list for PBXNativeTarget "Quiz AppUITests" */;
			buildPhases = (
				859697601D723FC90048FE5F /* Sources */,
				859697611D723FC90048FE5F /* Frameworks */,
				859697621D723FC90048FE5F /* Resources */,
			);
			buildRules = (
			);
			dependencies = (
				859697661D723FC90048FE5F /* PBXTargetDependency */,
			);
			name = "Quiz AppUITests";
			productName = "Quiz AppUITests";
			productReference = 859697641D723FC90048FE5F /* Quiz AppUITests.xctest */;
			productType = "com.apple.product-type.bundle.ui-testing";
		};
/* End PBXNativeTarget section */

/* Begin PBXProject section */
		8596973A1D723FC80048FE5F /* Project object */ = {
			isa = PBXProject;
			attributes = {
				LastSwiftUpdateCheck = 0730;
				LastUpgradeCheck = 0730;
				ORGANIZATIONNAME = pawisoon;
				TargetAttributes = {
					859697411D723FC80048FE5F = {
						CreatedOnToolsVersion = 7.3.1;
					};
					859697581D723FC90048FE5F = {
						CreatedOnToolsVersion = 7.3.1;
						TestTargetID = 859697411D723FC80048FE5F;
					};
					859697631D723FC90048FE5F = {
						CreatedOnToolsVersion = 7.3.1;
						TestTargetID = 859697411D723FC80048FE5F;
					};
				};
			};
			buildConfigurationList = 8596973D1D723FC80048FE5F /* Build configuration list for PBXProject "Quiz App" */;
			compatibilityVersion = "Xcode 3.2";
			developmentRegion = English;
			hasScannedForEncodings = 0;
			knownRegions = (
				en,
				Base,
			);
			mainGroup = 859697391D723FC80048FE5F;
			productRefGroup = 859697431D723FC80048FE5F /* Products */;
			projectDirPath = "";
			projectRoot = "";
			targets = (
				859697411D723FC80048FE5F /* Quiz App */,
				859697581D723FC90048FE5F /* Quiz AppTests */,
				859697631D723FC90048FE5F /* Quiz AppUITests */,
			);
		};
/* End PBXProject section */

/* Begin PBXResourcesBuildPhase section */
		859697401D723FC80048FE5F /* Resources */ = {
			isa = PBXResourcesBuildPhase;
			buildActionMask = 2147483647;
			files = (
				859697531D723FC90048FE5F /* LaunchScreen.storyboard in Resources */,
				859697501D723FC90048FE5F /* Assets.xcassets in Resources */,
				8596974B1D723FC90048FE5F /* Main.storyboard in Resources */,
			);
			runOnlyForDeploymentPostprocessing = 0;
		};
		859697571D723FC90048FE5F /* Resources */ = {
			isa = PBXResourcesBuildPhase;
			buildActionMask = 2147483647;
			files = (
			);
			runOnlyForDeploymentPostprocessing = 0;
		};
		859697621D723FC90048FE5F /* Resources */ = {
			isa = PBXResourcesBuildPhase;
			buildActionMask = 2147483647;
			files = (
			);
			runOnlyForDeploymentPostprocessing = 0;
		};
/* End PBXResourcesBuildPhase section */

/* Begin PBXSourcesBuildPhase section */
		8596973E1D723FC80048FE5F /* Sources */ = {
			isa = PBXSourcesBuildPhase;
			buildActionMask = 2147483647;
			files = (
				859697481D723FC90048FE5F /* QuizViewController.swift in Sources */,
				8596974E1D723FC90048FE5F /* Quiz_App.xcdatamodeld in Sources */,
				8596977D1D73240A0048FE5F /* Quiz.swift in Sources */,
				859697811D758A320048FE5F /* QuestionsTableViewController.swift in Sources */,
				859697461D723FC90048FE5F /* AppDelegate.swift in Sources */,
				859697891D75911B0048FE5F /* Question.swift in Sources */,
				8596977B1D7323C70048FE5F /* QuizTableViewCell.swift in Sources */,
				859697791D7320DB0048FE5F /* QuizTableViewController.swift in Sources */,
				8596977F1D7589AC0048FE5F /* QuestionTableViewCell.swift in Sources */,
				859697871D758FD10048FE5F /* QuestionViewController.swift in Sources */,
			);
			runOnlyForDeploymentPostprocessing = 0;
		};
		859697551D723FC90048FE5F /* Sources */ = {
			isa = PBXSourcesBuildPhase;
			buildActionMask = 2147483647;
			files = (
				8596975E1D723FC90048FE5F /* Quiz_AppTests.swift in Sources */,
			);
			runOnlyForDeploymentPostprocessing = 0;
		};
		859697601D723FC90048FE5F /* Sources */ = {
			isa = PBXSourcesBuildPhase;
			buildActionMask = 2147483647;
			files = (
				859697691D723FC90048FE5F /* Quiz_AppUITests.swift in Sources */,
			);
			runOnlyForDeploymentPostprocessing = 0;
		};
/* End PBXSourcesBuildPhase section */

/* Begin PBXTargetDependency section */
		8596975B1D723FC90048FE5F /* PBXTargetDependency */ = {
			isa = PBXTargetDependency;
			target = 859697411D723FC80048FE5F /* Quiz App */;
			targetProxy = 8596975A1D723FC90048FE5F /* PBXContainerItemProxy */;
		};
		859697661D723FC90048FE5F /* PBXTargetDependency */ = {
			isa = PBXTargetDependency;
			target = 859697411D723FC80048FE5F /* Quiz App */;
			targetProxy = 859697651D723FC90048FE5F /* PBXContainerItemProxy */;
		};
/* End PBXTargetDependency section */

/* Begin PBXVariantGroup section */
		859697491D723FC90048FE5F /* Main.storyboard */ = {
			isa = PBXVariantGroup;
			children = (
				8596974A1D723FC90048FE5F /* Base */,
			);
			name = Main.storyboard;
			sourceTree = "<group>";
		};
		859697511D723FC90048FE5F /* LaunchScreen.storyboard */ = {
			isa = PBXVariantGroup;
			children = (
				859697521D723FC90048FE5F /* Base */,
			);
			name = LaunchScreen.storyboard;
			sourceTree = "<group>";
		};
/* End PBXVariantGroup section */

/* Begin XCBuildConfiguration section */
		8596976B1D723FC90048FE5F /* Debug */ = {
			isa = XCBuildConfiguration;
			buildSettings = {
				ALWAYS_SEARCH_USER_PATHS = NO;
				CLANG_ANALYZER_NONNULL = YES;
				CLANG_CXX_LANGUAGE_STANDARD = "gnu++0x";
				CLANG_CXX_LIBRARY = "libc++";
				CLANG_ENABLE_MODULES = YES;
				CLANG_ENABLE_OBJC_ARC = YES;
				CLANG_WARN_BOOL_CONVERSION = YES;
				CLANG_WARN_CONSTANT_CONVERSION = YES;
				CLANG_WARN_DIRECT_OBJC_ISA_USAGE = YES_ERROR;
				CLANG_WARN_EMPTY_BODY = YES;
				CLANG_WARN_ENUM_CONVERSION = YES;
				CLANG_WARN_INT_CONVERSION = YES;
				CLANG_WARN_OBJC_ROOT_CLASS = YES_ERROR;
				CLANG_WARN_UNREACHABLE_CODE = YES;
				CLANG_WARN__DUPLICATE_METHOD_MATCH = YES;
				"CODE_SIGN_IDENTITY[sdk=iphoneos*]" = "iPhone Developer";
				COPY_PHASE_STRIP = NO;
				DEBUG_INFORMATION_FORMAT = dwarf;
				ENABLE_STRICT_OBJC_MSGSEND = YES;
				ENABLE_TESTABILITY = YES;
				GCC_C_LANGUAGE_STANDARD = gnu99;
				GCC_DYNAMIC_NO_PIC = NO;
				GCC_NO_COMMON_BLOCKS = YES;
				GCC_OPTIMIZATION_LEVEL = 0;
				GCC_PREPROCESSOR_DEFINITIONS = (
					"DEBUG=1",
					"$(inherited)",
				);
				GCC_WARN_64_TO_32_BIT_CONVERSION = YES;
				GCC_WARN_ABOUT_RETURN_TYPE = YES_ERROR;
				GCC_WARN_UNDECLARED_SELECTOR = YES;
				GCC_WARN_UNINITIALIZED_AUTOS = YES_AGGRESSIVE;
				GCC_WARN_UNUSED_FUNCTION = YES;
				GCC_WARN_UNUSED_VARIABLE = YES;
				IPHONEOS_DEPLOYMENT_TARGET = 9.3;
				MTL_ENABLE_DEBUG_INFO = YES;
				ONLY_ACTIVE_ARCH = YES;
				SDKROOT = iphoneos;
				SWIFT_OPTIMIZATION_LEVEL = "-Onone";
			};
			name = Debug;
		};
		8596976C1D723FC90048FE5F /* Release */ = {
			isa = XCBuildConfiguration;
			buildSettings = {
				ALWAYS_SEARCH_USER_PATHS = NO;
				CLANG_ANALYZER_NONNULL = YES;
				CLANG_CXX_LANGUAGE_STANDARD = "gnu++0x";
				CLANG_CXX_LIBRARY = "libc++";
				CLANG_ENABLE_MODULES = YES;
				CLANG_ENABLE_OBJC_ARC = YES;
				CLANG_WARN_BOOL_CONVERSION = YES;
				CLANG_WARN_CONSTANT_CONVERSION = YES;
				CLANG_WARN_DIRECT_OBJC_ISA_USAGE = YES_ERROR;
				CLANG_WARN_EMPTY_BODY = YES;
				CLANG_WARN_ENUM_CONVERSION = YES;
				CLANG_WARN_INT_CONVERSION = YES;
				CLANG_WARN_OBJC_ROOT_CLASS = YES_ERROR;
				CLANG_WARN_UNREACHABLE_CODE = YES;
				CLANG_WARN__DUPLICATE_METHOD_MATCH = YES;
				"CODE_SIGN_IDENTITY[sdk=iphoneos*]" = "iPhone Developer";
				COPY_PHASE_STRIP = NO;
				DEBUG_INFORMATION_FORMAT = "dwarf-with-dsym";
				ENABLE_NS_ASSERTIONS = NO;
				ENABLE_STRICT_OBJC_MSGSEND = YES;
				GCC_C_LANGUAGE_STANDARD = gnu99;
				GCC_NO_COMMON_BLOCKS = YES;
				GCC_WARN_64_TO_32_BIT_CONVERSION = YES;
				GCC_WARN_ABOUT_RETURN_TYPE = YES_ERROR;
				GCC_WARN_UNDECLARED_SELECTOR = YES;
				GCC_WARN_UNINITIALIZED_AUTOS = YES_AGGRESSIVE;
				GCC_WARN_UNUSED_FUNCTION = YES;
				GCC_WARN_UNUSED_VARIABLE = YES;
				IPHONEOS_DEPLOYMENT_TARGET = 9.3;
				MTL_ENABLE_DEBUG_INFO = NO;
				SDKROOT = iphoneos;
				VALIDATE_PRODUCT = YES;
			};
			name = Release;
		};
		8596976E1D723FC90048FE5F /* Debug */ = {
			isa = XCBuildConfiguration;
			buildSettings = {
				ASSETCATALOG_COMPILER_APPICON_NAME = AppIcon;
				INFOPLIST_FILE = "Quiz App/Info.plist";
				LD_RUNPATH_SEARCH_PATHS = "$(inherited) @executable_path/Frameworks";
				PRODUCT_BUNDLE_IDENTIFIER = "com.szydlowsky.apps.Quiz-App";
				PRODUCT_NAME = "$(TARGET_NAME)";
			};
			name = Debug;
		};
		8596976F1D723FC90048FE5F /* Release */ = {
			isa = XCBuildConfiguration;
			buildSettings = {
				ASSETCATALOG_COMPILER_APPICON_NAME = AppIcon;
				INFOPLIST_FILE = "Quiz App/Info.plist";
				LD_RUNPATH_SEARCH_PATHS = "$(inherited) @executable_path/Frameworks";
				PRODUCT_BUNDLE_IDENTIFIER = "com.szydlowsky.apps.Quiz-App";
				PRODUCT_NAME = "$(TARGET_NAME)";
			};
			name = Release;
		};
		859697711D723FC90048FE5F /* Debug */ = {
			isa = XCBuildConfiguration;
			buildSettings = {
				BUNDLE_LOADER = "$(TEST_HOST)";
				INFOPLIST_FILE = "Quiz AppTests/Info.plist";
				LD_RUNPATH_SEARCH_PATHS = "$(inherited) @executable_path/Frameworks @loader_path/Frameworks";
				PRODUCT_BUNDLE_IDENTIFIER = "com.szydlowsky.apps.Quiz-AppTests";
				PRODUCT_NAME = "$(TARGET_NAME)";
				TEST_HOST = "$(BUILT_PRODUCTS_DIR)/Quiz App.app/Quiz App";
			};
			name = Debug;
		};
		859697721D723FC90048FE5F /* Release */ = {
			isa = XCBuildConfiguration;
			buildSettings = {
				BUNDLE_LOADER = "$(TEST_HOST)";
				INFOPLIST_FILE = "Quiz AppTests/Info.plist";
				LD_RUNPATH_SEARCH_PATHS = "$(inherited) @executable_path/Frameworks @loader_path/Frameworks";
				PRODUCT_BUNDLE_IDENTIFIER = "com.szydlowsky.apps.Quiz-AppTests";
				PRODUCT_NAME = "$(TARGET_NAME)";
				TEST_HOST = "$(BUILT_PRODUCTS_DIR)/Quiz App.app/Quiz App";
			};
			name = Release;
		};
		859697741D723FC90048FE5F /* Debug */ = {
			isa = XCBuildConfiguration;
			buildSettings = {
				INFOPLIST_FILE = "Quiz AppUITests/Info.plist";
				LD_RUNPATH_SEARCH_PATHS = "$(inherited) @executable_path/Frameworks @loader_path/Frameworks";
				PRODUCT_BUNDLE_IDENTIFIER = "com.szydlowsky.apps.Quiz-AppUITests";
				PRODUCT_NAME = "$(TARGET_NAME)";
				TEST_TARGET_NAME = "Quiz App";
			};
			name = Debug;
		};
		859697751D723FC90048FE5F /* Release */ = {
			isa = XCBuildConfiguration;
			buildSettings = {
				INFOPLIST_FILE = "Quiz AppUITests/Info.plist";
				LD_RUNPATH_SEARCH_PATHS = "$(inherited) @executable_path/Frameworks @loader_path/Frameworks";
				PRODUCT_BUNDLE_IDENTIFIER = "com.szydlowsky.apps.Quiz-AppUITests";
				PRODUCT_NAME = "$(TARGET_NAME)";
				TEST_TARGET_NAME = "Quiz App";
			};
			name = Release;
		};
/* End XCBuildConfiguration section */

/* Begin XCConfigurationList section */
		8596973D1D723FC80048FE5F /* Build configuration list for PBXProject "Quiz App" */ = {
			isa = XCConfigurationList;
			buildConfigurations = (
				8596976B1D723FC90048FE5F /* Debug */,
				8596976C1D723FC90048FE5F /* Release */,
			);
			defaultConfigurationIsVisible = 0;
			defaultConfigurationName = Release;
		};
		8596976D1D723FC90048FE5F /* Build configuration list for PBXNativeTarget "Quiz App" */ = {
			isa = XCConfigurationList;
			buildConfigurations = (
				8596976E1D723FC90048FE5F /* Debug */,
				8596976F1D723FC90048FE5F /* Release */,
			);
			defaultConfigurationIsVisible = 0;
		};
		859697701D723FC90048FE5F /* Build configuration list for PBXNativeTarget "Quiz AppTests" */ = {
			isa = XCConfigurationList;
			buildConfigurations = (
				859697711D723FC90048FE5F /* Debug */,
				859697721D723FC90048FE5F /* Release */,
			);
			defaultConfigurationIsVisible = 0;
		};
		859697731D723FC90048FE5F /* Build configuration list for PBXNativeTarget "Quiz AppUITests" */ = {
			isa = XCConfigurationList;
			buildConfigurations = (
				859697741D723FC90048FE5F /* Debug */,
				859697751D723FC90048FE5F /* Release */,
			);
			defaultConfigurationIsVisible = 0;
		};
/* End XCConfigurationList section */

/* Begin XCVersionGroup section */
		8596974C1D723FC90048FE5F /* Quiz_App.xcdatamodeld */ = {
			isa = XCVersionGroup;
			children = (
				8596974D1D723FC90048FE5F /* Quiz_App.xcdatamodel */,
			);
			currentVersion = 8596974D1D723FC90048FE5F /* Quiz_App.xcdatamodel */;
			path = Quiz_App.xcdatamodeld;
			sourceTree = "<group>";
			versionGroupType = wrapper.xcdatamodel;
		};
/* End XCVersionGroup section */
	};
	rootObject = 8596973A1D723FC80048FE5F /* Project object */;
}
